# This file was autogenerated by Stack.
# You should not edit this file by hand.
# For more information, please see the documentation at:
#   https://docs.haskellstack.org/en/stable/lock_files

packages:
- completed:
    name: llvm-hs
    pantry-tree:
      sha256: 21f74a6f51fae6c0a0fcf3e6620a59f341289ac743998b41ed3276fd1b7d8862
      size: 12716
    sha256: 526b67e2da9ce25b3856c221b6772e699a7593dbb5ba38e7ee2436349de70966
    size: 9802209
    subdir: llvm-hs
    url: https://github.com/llvm-hs/llvm-hs/archive/5bca2c1a2a3aa98ecfb19181e7a5ebbf3e212b76.tar.gz
    version: 15.0.0
  original:
    subdir: llvm-hs
    url: https://github.com/llvm-hs/llvm-hs/archive/5bca2c1a2a3aa98ecfb19181e7a5ebbf3e212b76.tar.gz
- completed:
    name: llvm-hs-pure
    pantry-tree:
      sha256: b512f9e5f8f2b3e3a06bad2fa5ff053a83d817798c7efcd47e254e68c842169d
      size: 2712
    sha256: 526b67e2da9ce25b3856c221b6772e699a7593dbb5ba38e7ee2436349de70966
    size: 9802209
    subdir: llvm-hs-pure
    url: https://github.com/llvm-hs/llvm-hs/archive/5bca2c1a2a3aa98ecfb19181e7a5ebbf3e212b76.tar.gz
    version: 15.0.0
  original:
    subdir: llvm-hs-pure
    url: https://github.com/llvm-hs/llvm-hs/archive/5bca2c1a2a3aa98ecfb19181e7a5ebbf3e212b76.tar.gz
snapshots:
- completed:
    sha256: 0964f3e2c04e21abf42e271490e6974bc923aac2f2fd595fcb53ad0c237dbed1
    size: 720034
    url: https://raw.githubusercontent.com/commercialhaskell/stackage-snapshots/master/lts/22/38.yaml
  original: lts-22.38
